
Microsoft Visual Studio Solution File, Format Version 12.00
# Visual Studio Version 16
VisualStudioVersion = 16.0.30413.136
MinimumVisualStudioVersion = 10.0.40219.1
Project("{FAE04EC0-301F-11D3-BF4B-00C04F79EFBC}") = "FlippingImage", "FlippingImage\FlippingImage.csproj", "{87873AFE-9957-4562-A515-15A155314915}"
EndProject
Global
	GlobalSection(SolutionConfigurationPlatforms) = preSolution
		Debug|Any CPU = Debug|Any CPU
		Release|Any CPU = Release|Any CPU
	EndGlobalSection
	GlobalSection(ProjectConfigurationPlatforms) = postSolution
		{87873AFE-9957-4562-A515-15A155314915}.Debug|Any CPU.ActiveCfg = Debug|Any CPU
		{87873AFE-9957-4562-A515-15A155314915}.Debug|Any CPU.Build.0 = Debug|Any CPU
		{87873AFE-9957-4562-A515-15A155314915}.Release|Any CPU.ActiveCfg = Release|Any CPU
		{87873AFE-9957-4562-A515-15A155314915}.Release|Any CPU.Build.0 = Release|Any CPU
	EndGlobalSection
	GlobalSection(SolutionProperties) = preSolution
		HideSolutionNode = FALSE
	EndGlobalSection
	GlobalSection(ExtensibilityGlobals) = postSolution
		SolutionGuid = {D77F61D9-2CC9-4A9D-B3D5-5EB14AAF0A66}
	EndGlobalSection
EndGlobal
